// !$*UTF8*$!
{
	archiveVersion = 1;
	classes = {
	};
	objectVersion = 56;
	objects = {

/* Begin PBXBuildFile section */
		D7B92EED2BA1F866002B8300 /* AppDelegate.swift in Sources */ = {isa = PBXBuildFile; fileRef = D7B92EEC2BA1F866002B8300 /* AppDelegate.swift */; };
		D7B92EEF2BA1F866002B8300 /* SceneDelegate.swift in Sources */ = {isa = PBXBuildFile; fileRef = D7B92EEE2BA1F866002B8300 /* SceneDelegate.swift */; };
		D7B92EF12BA1F866002B8300 /* ViewController.swift in Sources */ = {isa = PBXBuildFile; fileRef = D7B92EF02BA1F866002B8300 /* ViewController.swift */; };
		D7B92EF42BA1F866002B8300 /* Main.storyboard in Resources */ = {isa = PBXBuildFile; fileRef = D7B92EF22BA1F866002B8300 /* Main.storyboard */; };
		D7B92EF62BA1F869002B8300 /* Assets.xcassets in Resources */ = {isa = PBXBuildFile; fileRef = D7B92EF52BA1F869002B8300 /* Assets.xcassets */; };
		D7B92EF92BA1F869002B8300 /* LaunchScreen.storyboard in Resources */ = {isa = PBXBuildFile; fileRef = D7B92EF72BA1F869002B8300 /* LaunchScreen.storyboard */; };
		D7B92F042BA1F869002B8300 /* checkTests.swift in Sources */ = {isa = PBXBuildFile; fileRef = D7B92F032BA1F869002B8300 /* checkTests.swift */; };
		D7B92F0E2BA1F869002B8300 /* checkUITests.swift in Sources */ = {isa = PBXBuildFile; fileRef = D7B92F0D2BA1F869002B8300 /* checkUITests.swift */; };
		D7B92F102BA1F869002B8300 /* checkUITestsLaunchTests.swift in Sources */ = {isa = PBXBuildFile; fileRef = D7B92F0F2BA1F869002B8300 /* checkUITestsLaunchTests.swift */; };
/* End PBXBuildFile section */

/* Begin PBXContainerItemProxy section */
		D7B92F002BA1F869002B8300 /* PBXContainerItemProxy */ = {
			isa = PBXContainerItemProxy;
			containerPortal = D7B92EE12BA1F866002B8300 /* Project object */;
			proxyType = 1;
			remoteGlobalIDString = D7B92EE82BA1F866002B8300;
			remoteInfo = check;
		};
		D7B92F0A2BA1F869002B8300 /* PBXContainerItemProxy */ = {
			isa = PBXContainerItemProxy;
			containerPortal = D7B92EE12BA1F866002B8300 /* Project object */;
			proxyType = 1;
			remoteGlobalIDString = D7B92EE82BA1F866002B8300;
			remoteInfo = check;
		};
/* End PBXContainerItemProxy section */

/* Begin PBXFileReference section */
		D7B92EE92BA1F866002B8300 /* check.app */ = {isa = PBXFileReference; explicitFileType = wrapper.application; includeInIndex = 0; path = check.app; sourceTree = BUILT_PRODUCTS_DIR; };
		D7B92EEC2BA1F866002B8300 /* AppDelegate.swift */ = {isa = PBXFileReference; lastKnownFileType = sourcecode.swift; path = AppDelegate.swift; sourceTree = "<group>"; };
		D7B92EEE2BA1F866002B8300 /* SceneDelegate.swift */ = {isa = PBXFileReference; lastKnownFileType = sourcecode.swift; path = SceneDelegate.swift; sourceTree = "<group>"; };
		D7B92EF02BA1F866002B8300 /* ViewController.swift */ = {isa = PBXFileReference; lastKnownFileType = sourcecode.swift; path = ViewController.swift; sourceTree = "<group>"; };
		D7B92EF32BA1F866002B8300 /* Base */ = {isa = PBXFileReference; lastKnownFileType = file.storyboard; name = Base; path = Base.lproj/Main.storyboard; sourceTree = "<group>"; };
		D7B92EF52BA1F869002B8300 /* Assets.xcassets */ = {isa = PBXFileReference; lastKnownFileType = folder.assetcatalog; path = Assets.xcassets; sourceTree = "<group>"; };
		D7B92EF82BA1F869002B8300 /* Base */ = {isa = PBXFileReference; lastKnownFileType = file.storyboard; name = Base; path = Base.lproj/LaunchScreen.storyboard; sourceTree = "<group>"; };
		D7B92EFA2BA1F869002B8300 /* Info.plist */ = {isa = PBXFileReference; lastKnownFileType = text.plist.xml; path = Info.plist; sourceTree = "<group>"; };
		D7B92EFF2BA1F869002B8300 /* checkTests.xctest */ = {isa = PBXFileReference; explicitFileType = wrapper.cfbundle; includeInIndex = 0; path = checkTests.xctest; sourceTree = BUILT_PRODUCTS_DIR; };
		D7B92F032BA1F869002B8300 /* checkTests.swift */ = {isa = PBXFileReference; lastKnownFileType = sourcecode.swift; path = checkTests.swift; sourceTree = "<group>"; };
		D7B92F092BA1F869002B8300 /* checkUITests.xctest */ = {isa = PBXFileReference; explicitFileType = wrapper.cfbundle; includeInIndex = 0; path = checkUITests.xctest; sourceTree = BUILT_PRODUCTS_DIR; };
		D7B92F0D2BA1F869002B8300 /* checkUITests.swift */ = {isa = PBXFileReference; lastKnownFileType = sourcecode.swift; path = checkUITests.swift; sourceTree = "<group>"; };
		D7B92F0F2BA1F869002B8300 /* checkUITestsLaunchTests.swift */ = {isa = PBXFileReference; lastKnownFileType = sourcecode.swift; path = checkUITestsLaunchTests.swift; sourceTree = "<group>"; };
/* End PBXFileReference section */

/* Begin PBXFrameworksBuildPhase section */
		D7B92EE62BA1F866002B8300 /* Frameworks */ = {
			isa = PBXFrameworksBuildPhase;
			buildActionMask = 2147483647;
			files = (
			);
			runOnlyForDeploymentPostprocessing = 0;
		};
		D7B92EFC2BA1F869002B8300 /* Frameworks */ = {
			isa = PBXFrameworksBuildPhase;
			buildActionMask = 2147483647;
			files = (
			);
			runOnlyForDeploymentPostprocessing = 0;
		};
		D7B92F062BA1F869002B8300 /* Frameworks */ = {
			isa = PBXFrameworksBuildPhase;
			buildActionMask = 2147483647;
			files = (
			);
			runOnlyForDeploymentPostprocessing = 0;
		};
/* End PBXFrameworksBuildPhase section */

/* Begin PBXGroup section */
		D7B92EE02BA1F866002B8300 = {
			isa = PBXGroup;
			children = (
				D7B92EEB2BA1F866002B8300 /* check */,
				D7B92F022BA1F869002B8300 /* checkTests */,
				D7B92F0C2BA1F869002B8300 /* checkUITests */,
				D7B92EEA2BA1F866002B8300 /* Products */,
			);
			sourceTree = "<group>";
		};
		D7B92EEA2BA1F866002B8300 /* Products */ = {
			isa = PBXGroup;
			children = (
				D7B92EE92BA1F866002B8300 /* check.app */,
				D7B92EFF2BA1F869002B8300 /* checkTests.xctest */,
				D7B92F092BA1F869002B8300 /* checkUITests.xctest */,
			);
			name = Products;
			sourceTree = "<group>";
		};
		D7B92EEB2BA1F866002B8300 /* check */ = {
			isa = PBXGroup;
			children = (
				D7B92EEC2BA1F866002B8300 /* AppDelegate.swift */,
				D7B92EEE2BA1F866002B8300 /* SceneDelegate.swift */,
				D7B92EF02BA1F866002B8300 /* ViewController.swift */,
				D7B92EF22BA1F866002B8300 /* Main.storyboard */,
				D7B92EF52BA1F869002B8300 /* Assets.xcassets */,
				D7B92EF72BA1F869002B8300 /* LaunchScreen.storyboard */,
				D7B92EFA2BA1F869002B8300 /* Info.plist */,
			);
			path = check;
			sourceTree = "<group>";
		};
		D7B92F022BA1F869002B8300 /* checkTests */ = {
			isa = PBXGroup;
			children = (
				D7B92F032BA1F869002B8300 /* checkTests.swift */,
			);
			path = checkTests;
			sourceTree = "<group>";
		};
		D7B92F0C2BA1F869002B8300 /* checkUITests */ = {
			isa = PBXGroup;
			children = (
				D7B92F0D2BA1F869002B8300 /* checkUITests.swift */,
				D7B92F0F2BA1F869002B8300 /* checkUITestsLaunchTests.swift */,
			);
			path = checkUITests;
			sourceTree = "<group>";
		};
/* End PBXGroup section */

/* Begin PBXNativeTarget section */
		D7B92EE82BA1F866002B8300 /* check */ = {
			isa = PBXNativeTarget;
			buildConfigurationList = D7B92F132BA1F869002B8300 /* Build configuration list for PBXNativeTarget "check" */;
			buildPhases = (
				D7B92EE52BA1F866002B8300 /* Sources */,
				D7B92EE62BA1F866002B8300 /* Frameworks */,
				D7B92EE72BA1F866002B8300 /* Resources */,
			);
			buildRules = (
			);
			dependencies = (
			);
			name = check;
			productName = check;
			productReference = D7B92EE92BA1F866002B8300 /* check.app */;
			productType = "com.apple.product-type.application";
		};
		D7B92EFE2BA1F869002B8300 /* checkTests */ = {
			isa = PBXNativeTarget;
			buildConfigurationList = D7B92F162BA1F869002B8300 /* Build configuration list for PBXNativeTarget "checkTests" */;
			buildPhases = (
				D7B92EFB2BA1F869002B8300 /* Sources */,
				D7B92EFC2BA1F869002B8300 /* Frameworks */,
				D7B92EFD2BA1F869002B8300 /* Resources */,
			);
			buildRules = (
			);
			dependencies = (
				D7B92F012BA1F869002B8300 /* PBXTargetDependency */,
			);
			name = checkTests;
			productName = checkTests;
			productReference = D7B92EFF2BA1F869002B8300 /* checkTests.xctest */;
			productType = "com.apple.product-type.bundle.unit-test";
		};
		D7B92F082BA1F869002B8300 /* checkUITests */ = {
			isa = PBXNativeTarget;
			buildConfigurationList = D7B92F192BA1F869002B8300 /* Build configuration list for PBXNativeTarget "checkUITests" */;
			buildPhases = (
				D7B92F052BA1F869002B8300 /* Sources */,
				D7B92F062BA1F869002B8300 /* Frameworks */,
				D7B92F072BA1F869002B8300 /* Resources */,
			);
			buildRules = (
			);
			dependencies = (
				D7B92F0B2BA1F869002B8300 /* PBXTargetDependency */,
			);
			name = checkUITests;
			productName = checkUITests;
			productReference = D7B92F092BA1F869002B8300 /* checkUITests.xctest */;
			productType = "com.apple.product-type.bundle.ui-testing";
		};
/* End PBXNativeTarget section */

/* Begin PBXProject section */
		D7B92EE12BA1F866002B8300 /* Project object */ = {
			isa = PBXProject;
			attributes = {
				BuildIndependentTargetsInParallel = 1;
				LastSwiftUpdateCheck = 1430;
				LastUpgradeCheck = 1430;
				TargetAttributes = {
					D7B92EE82BA1F866002B8300 = {
						CreatedOnToolsVersion = 14.3.1;
					};
					D7B92EFE2BA1F869002B8300 = {
						CreatedOnToolsVersion = 14.3.1;
						TestTargetID = D7B92EE82BA1F866002B8300;
					};
					D7B92F082BA1F869002B8300 = {
						CreatedOnToolsVersion = 14.3.1;
						TestTargetID = D7B92EE82BA1F866002B8300;
					};
				};
			};
			buildConfigurationList = D7B92EE42BA1F866002B8300 /* Build configuration list for PBXProject "check" */;
			compatibilityVersion = "Xcode 14.0";
			developmentRegion = en;
			hasScannedForEncodings = 0;
			knownRegions = (
				en,
				Base,
			);
			mainGroup = D7B92EE02BA1F866002B8300;
			productRefGroup = D7B92EEA2BA1F866002B8300 /* Products */;
			projectDirPath = "";
			projectRoot = "";
			targets = (
				D7B92EE82BA1F866002B8300 /* check */,
				D7B92EFE2BA1F869002B8300 /* checkTests */,
				D7B92F082BA1F869002B8300 /* checkUITests */,
			);
		};
/* End PBXProject section */

/* Begin PBXResourcesBuildPhase section */
		D7B92EE72BA1F866002B8300 /* Resources */ = {
			isa = PBXResourcesBuildPhase;
			buildActionMask = 2147483647;
			files = (
				D7B92EF92BA1F869002B8300 /* LaunchScreen.storyboard in Resources */,
				D7B92EF62BA1F869002B8300 /* Assets.xcassets in Resources */,
				D7B92EF42BA1F866002B8300 /* Main.storyboard in Resources */,
			);
			runOnlyForDeploymentPostprocessing = 0;
		};
		D7B92EFD2BA1F869002B8300 /* Resources */ = {
			isa = PBXResourcesBuildPhase;
			buildActionMask = 2147483647;
			files = (
			);
			runOnlyForDeploymentPostprocessing = 0;
		};
		D7B92F072BA1F869002B8300 /* Resources */ = {
			isa = PBXResourcesBuildPhase;
			buildActionMask = 2147483647;
			files = (
			);
			runOnlyForDeploymentPostprocessing = 0;
		};
/* End PBXResourcesBuildPhase section */

/* Begin PBXSourcesBuildPhase section */
		D7B92EE52BA1F866002B8300 /* Sources */ = {
			isa = PBXSourcesBuildPhase;
			buildActionMask = 2147483647;
			files = (
				D7B92EF12BA1F866002B8300 /* ViewController.swift in Sources */,
				D7B92EED2BA1F866002B8300 /* AppDelegate.swift in Sources */,
				D7B92EEF2BA1F866002B8300 /* SceneDelegate.swift in Sources */,
			);
			runOnlyForDeploymentPostprocessing = 0;
		};
		D7B92EFB2BA1F869002B8300 /* Sources */ = {
			isa = PBXSourcesBuildPhase;
			buildActionMask = 2147483647;
			files = (
				D7B92F042BA1F869002B8300 /* checkTests.swift in Sources */,
			);
			runOnlyForDeploymentPostprocessing = 0;
		};
		D7B92F052BA1F869002B8300 /* Sources */ = {
			isa = PBXSourcesBuildPhase;
			buildActionMask = 2147483647;
			files = (
				D7B92F0E2BA1F869002B8300 /* checkUITests.swift in Sources */,
				D7B92F102BA1F869002B8300 /* checkUITestsLaunchTests.swift in Sources */,
			);
			runOnlyForDeploymentPostprocessing = 0;
		};
/* End PBXSourcesBuildPhase section */

/* Begin PBXTargetDependency section */
		D7B92F012BA1F869002B8300 /* PBXTargetDependency */ = {
			isa = PBXTargetDependency;
			target = D7B92EE82BA1F866002B8300 /* check */;
			targetProxy = D7B92F002BA1F869002B8300 /* PBXContainerItemProxy */;
		};
		D7B92F0B2BA1F869002B8300 /* PBXTargetDependency */ = {
			isa = PBXTargetDependency;
			target = D7B92EE82BA1F866002B8300 /* check */;
			targetProxy = D7B92F0A2BA1F869002B8300 /* PBXContainerItemProxy */;
		};
/* End PBXTargetDependency section */

/* Begin PBXVariantGroup section */
		D7B92EF22BA1F866002B8300 /* Main.storyboard */ = {
			isa = PBXVariantGroup;
			children = (
				D7B92EF32BA1F866002B8300 /* Base */,
			);
			name = Main.storyboard;
			sourceTree = "<group>";
		};
		D7B92EF72BA1F869002B8300 /* LaunchScreen.storyboard */ = {
			isa = PBXVariantGroup;
			children = (
				D7B92EF82BA1F869002B8300 /* Base */,
			);
			name = LaunchScreen.storyboard;
			sourceTree = "<group>";
		};
/* End PBXVariantGroup section */

/* Begin XCBuildConfiguration section */
		D7B92F112BA1F869002B8300 /* Debug */ = {
			isa = XCBuildConfiguration;
			buildSettings = {
				ALWAYS_SEARCH_USER_PATHS = NO;
				CLANG_ANALYZER_NONNULL = YES;
				CLANG_ANALYZER_NUMBER_OBJECT_CONVERSION = YES_AGGRESSIVE;
				CLANG_CXX_LANGUAGE_STANDARD = "gnu++20";
				CLANG_ENABLE_MODULES = YES;
				CLANG_ENABLE_OBJC_ARC = YES;
				CLANG_ENABLE_OBJC_WEAK = YES;
				CLANG_WARN_BLOCK_CAPTURE_AUTORELEASING = YES;
				CLANG_WARN_BOOL_CONVERSION = YES;
				CLANG_WARN_COMMA = YES;
				CLANG_WARN_CONSTANT_CONVERSION = YES;
				CLANG_WARN_DEPRECATED_OBJC_IMPLEMENTATIONS = YES;
				CLANG_WARN_DIRECT_OBJC_ISA_USAGE = YES_ERROR;
				CLANG_WARN_DOCUMENTATION_COMMENTS = YES;
				CLANG_WARN_EMPTY_BODY = YES;
				CLANG_WARN_ENUM_CONVERSION = YES;
				CLANG_WARN_INFINITE_RECURSION = YES;
				CLANG_WARN_INT_CONVERSION = YES;
				CLANG_WARN_NON_LITERAL_NULL_CONVERSION = YES;
				CLANG_WARN_OBJC_IMPLICIT_RETAIN_SELF = YES;
				CLANG_WARN_OBJC_LITERAL_CONVERSION = YES;
				CLANG_WARN_OBJC_ROOT_CLASS = YES_ERROR;
				CLANG_WARN_QUOTED_INCLUDE_IN_FRAMEWORK_HEADER = YES;
				CLANG_WARN_RANGE_LOOP_ANALYSIS = YES;
				CLANG_WARN_STRICT_PROTOTYPES = YES;
				CLANG_WARN_SUSPICIOUS_MOVE = YES;
				CLANG_WARN_UNGUARDED_AVAILABILITY = YES_AGGRESSIVE;
				CLANG_WARN_UNREACHABLE_CODE = YES;
				CLANG_WARN__DUPLICATE_METHOD_MATCH = YES;
				COPY_PHASE_STRIP = NO;
				DEBUG_INFORMATION_FORMAT = dwarf;
				ENABLE_STRICT_OBJC_MSGSEND = YES;
				ENABLE_TESTABILITY = YES;
				GCC_C_LANGUAGE_STANDARD = gnu11;
				GCC_DYNAMIC_NO_PIC = NO;
				GCC_NO_COMMON_BLOCKS = YES;
				GCC_OPTIMIZATION_LEVEL = 0;
				GCC_PREPROCESSOR_DEFINITIONS = (
					"DEBUG=1",
					"$(inherited)",
				);
				GCC_WARN_64_TO_32_BIT_CONVERSION = YES;
				GCC_WARN_ABOUT_RETURN_TYPE = YES_ERROR;
				GCC_WARN_UNDECLARED_SELECTOR = YES;
				GCC_WARN_UNINITIALIZED_AUTOS = YES_AGGRESSIVE;
				GCC_WARN_UNUSED_FUNCTION = YES;
				GCC_WARN_UNUSED_VARIABLE = YES;
				IPHONEOS_DEPLOYMENT_TARGET = 16.4;
				MTL_ENABLE_DEBUG_INFO = INCLUDE_SOURCE;
				MTL_FAST_MATH = YES;
				ONLY_ACTIVE_ARCH = YES;
				SDKROOT = iphoneos;
				SWIFT_ACTIVE_COMPILATION_CONDITIONS = DEBUG;
				SWIFT_OPTIMIZATION_LEVEL = "-Onone";
			};
			name = Debug;
		};
		D7B92F122BA1F869002B8300 /* Release */ = {
			isa = XCBuildConfiguration;
			buildSettings = {
				ALWAYS_SEARCH_USER_PATHS = NO;
				CLANG_ANALYZER_NONNULL = YES;
				CLANG_ANALYZER_NUMBER_OBJECT_CONVERSION = YES_AGGRESSIVE;
				CLANG_CXX_LANGUAGE_STANDARD = "gnu++20";
				CLANG_ENABLE_MODULES = YES;
				CLANG_ENABLE_OBJC_ARC = YES;
				CLANG_ENABLE_OBJC_WEAK = YES;
				CLANG_WARN_BLOCK_CAPTURE_AUTORELEASING = YES;
				CLANG_WARN_BOOL_CONVERSION = YES;
				CLANG_WARN_COMMA = YES;
				CLANG_WARN_CONSTANT_CONVERSION = YES;
				CLANG_WARN_DEPRECATED_OBJC_IMPLEMENTATIONS = YES;
				CLANG_WARN_DIRECT_OBJC_ISA_USAGE = YES_ERROR;
				CLANG_WARN_DOCUMENTATION_COMMENTS = YES;
				CLANG_WARN_EMPTY_BODY = YES;
				CLANG_WARN_ENUM_CONVERSION = YES;
				CLANG_WARN_INFINITE_RECURSION = YES;
				CLANG_WARN_INT_CONVERSION = YES;
				CLANG_WARN_NON_LITERAL_NULL_CONVERSION = YES;
				CLANG_WARN_OBJC_IMPLICIT_RETAIN_SELF = YES;
				CLANG_WARN_OBJC_LITERAL_CONVERSION = YES;
				CLANG_WARN_OBJC_ROOT_CLASS = YES_ERROR;
				CLANG_WARN_QUOTED_INCLUDE_IN_FRAMEWORK_HEADER = YES;
				CLANG_WARN_RANGE_LOOP_ANALYSIS = YES;
				CLANG_WARN_STRICT_PROTOTYPES = YES;
				CLANG_WARN_SUSPICIOUS_MOVE = YES;
				CLANG_WARN_UNGUARDED_AVAILABILITY = YES_AGGRESSIVE;
				CLANG_WARN_UNREACHABLE_CODE = YES;
				CLANG_WARN__DUPLICATE_METHOD_MATCH = YES;
				COPY_PHASE_STRIP = NO;
				DEBUG_INFORMATION_FORMAT = "dwarf-with-dsym";
				ENABLE_NS_ASSERTIONS = NO;
				ENABLE_STRICT_OBJC_MSGSEND = YES;
				GCC_C_LANGUAGE_STANDARD = gnu11;
				GCC_NO_COMMON_BLOCKS = YES;
				GCC_WARN_64_TO_32_BIT_CONVERSION = YES;
				GCC_WARN_ABOUT_RETURN_TYPE = YES_ERROR;
				GCC_WARN_UNDECLARED_SELECTOR = YES;
				GCC_WARN_UNINITIALIZED_AUTOS = YES_AGGRESSIVE;
				GCC_WARN_UNUSED_FUNCTION = YES;
				GCC_WARN_UNUSED_VARIABLE = YES;
				IPHONEOS_DEPLOYMENT_TARGET = 16.4;
				MTL_ENABLE_DEBUG_INFO = NO;
				MTL_FAST_MATH = YES;
				SDKROOT = iphoneos;
				SWIFT_COMPILATION_MODE = wholemodule;
				SWIFT_OPTIMIZATION_LEVEL = "-O";
				VALIDATE_PRODUCT = YES;
			};
			name = Release;
		};
		D7B92F142BA1F869002B8300 /* Debug */ = {
			isa = XCBuildConfiguration;
			buildSettings = {
				ASSETCATALOG_COMPILER_APPICON_NAME = AppIcon;
				ASSETCATALOG_COMPILER_GLOBAL_ACCENT_COLOR_NAME = AccentColor;
				CODE_SIGN_STYLE = Automatic;
				CURRENT_PROJECT_VERSION = 1;
				DEVELOPMENT_TEAM = TX2TU96GUU;
				GENERATE_INFOPLIST_FILE = YES;
				INFOPLIST_FILE = check/Info.plist;
				INFOPLIST_KEY_UIApplicationSupportsIndirectInputEvents = YES;
				INFOPLIST_KEY_UILaunchStoryboardName = LaunchScreen;
				INFOPLIST_KEY_UIMainStoryboardFile = Main;
				INFOPLIST_KEY_UISupportedInterfaceOrientations_iPad = "UIInterfaceOrientationPortrait UIInterfaceOrientationPortraitUpsideDown UIInterfaceOrientationLandscapeLeft UIInterfaceOrientationLandscapeRight";
				INFOPLIST_KEY_UISupportedInterfaceOrientations_iPhone = "UIInterfaceOrientationPortrait UIInterfaceOrientationLandscapeLeft UIInterfaceOrientationLandscapeRight";
				LD_RUNPATH_SEARCH_PATHS = (
					"$(inherited)",
					"@executable_path/Frameworks",
				);
				MARKETING_VERSION = 1.0;
				PRODUCT_BUNDLE_IDENTIFIER = lessons.check;
				PRODUCT_NAME = "$(TARGET_NAME)";
				SWIFT_EMIT_LOC_STRINGS = YES;
				SWIFT_VERSION = 5.0;
				TARGETED_DEVICE_FAMILY = "1,2";
			};
			name = Debug;
		};
		D7B92F152BA1F869002B8300 /* Release */ = {
			isa = XCBuildConfiguration;
			buildSettings = {
				ASSETCATALOG_COMPILER_APPICON_NAME = AppIcon;
				ASSETCATALOG_COMPILER_GLOBAL_ACCENT_COLOR_NAME = AccentColor;
				CODE_SIGN_STYLE = Automatic;
				CURRENT_PROJECT_VERSION = 1;
				DEVELOPMENT_TEAM = TX2TU96GUU;
				GENERATE_INFOPLIST_FILE = YES;
				INFOPLIST_FILE = check/Info.plist;
				INFOPLIST_KEY_UIApplicationSupportsIndirectInputEvents = YES;
				INFOPLIST_KEY_UILaunchStoryboardName = LaunchScreen;
				INFOPLIST_KEY_UIMainStoryboardFile = Main;
				INFOPLIST_KEY_UISupportedInterfaceOrientations_iPad = "UIInterfaceOrientationPortrait UIInterfaceOrientationPortraitUpsideDown UIInterfaceOrientationLandscapeLeft UIInterfaceOrientationLandscapeRight";
				INFOPLIST_KEY_UISupportedInterfaceOrientations_iPhone = "UIInterfaceOrientationPortrait UIInterfaceOrientationLandscapeLeft UIInterfaceOrientationLandscapeRight";
				LD_RUNPATH_SEARCH_PATHS = (
					"$(inherited)",
					"@executable_path/Frameworks",
				);
				MARKETING_VERSION = 1.0;
				PRODUCT_BUNDLE_IDENTIFIER = lessons.check;
				PRODUCT_NAME = "$(TARGET_NAME)";
				SWIFT_EMIT_LOC_STRINGS = YES;
				SWIFT_VERSION = 5.0;
				TARGETED_DEVICE_FAMILY = "1,2";
			};
			name = Release;
		};
		D7B92F172BA1F869002B8300 /* Debug */ = {
			isa = XCBuildConfiguration;
			buildSettings = {
				ALWAYS_EMBED_SWIFT_STANDARD_LIBRARIES = YES;
				BUNDLE_LOADER = "$(TEST_HOST)";
				CODE_SIGN_STYLE = Automatic;
				CURRENT_PROJECT_VERSION = 1;
				DEVELOPMENT_TEAM = TX2TU96GUU;
				GENERATE_INFOPLIST_FILE = YES;
				IPHONEOS_DEPLOYMENT_TARGET = 16.4;
				MARKETING_VERSION = 1.0;
				PRODUCT_BUNDLE_IDENTIFIER = lessons.checkTests;
				PRODUCT_NAME = "$(TARGET_NAME)";
				SWIFT_EMIT_LOC_STRINGS = NO;
				SWIFT_VERSION = 5.0;
				TARGETED_DEVICE_FAMILY = "1,2";
				TEST_HOST = "$(BUILT_PRODUCTS_DIR)/check.app/$(BUNDLE_EXECUTABLE_FOLDER_PATH)/check";
			};
			name = Debug;
		};
		D7B92F182BA1F869002B8300 /* Release */ = {
			isa = XCBuildConfiguration;
			buildSettings = {
				ALWAYS_EMBED_SWIFT_STANDARD_LIBRARIES = YES;
				BUNDLE_LOADER = "$(TEST_HOST)";
				CODE_SIGN_STYLE = Automatic;
				CURRENT_PROJECT_VERSION = 1;
				DEVELOPMENT_TEAM = TX2TU96GUU;
				GENERATE_INFOPLIST_FILE = YES;
				IPHONEOS_DEPLOYMENT_TARGET = 16.4;
				MARKETING_VERSION = 1.0;
				PRODUCT_BUNDLE_IDENTIFIER = lessons.checkTests;
				PRODUCT_NAME = "$(TARGET_NAME)";
				SWIFT_EMIT_LOC_STRINGS = NO;
				SWIFT_VERSION = 5.0;
				TARGETED_DEVICE_FAMILY = "1,2";
				TEST_HOST = "$(BUILT_PRODUCTS_DIR)/check.app/$(BUNDLE_EXECUTABLE_FOLDER_PATH)/check";
			};
			name = Release;
		};
		D7B92F1A2BA1F869002B8300 /* Debug */ = {
			isa = XCBuildConfiguration;
			buildSettings = {
				ALWAYS_EMBED_SWIFT_STANDARD_LIBRARIES = YES;
				CODE_SIGN_STYLE = Automatic;
				CURRENT_PROJECT_VERSION = 1;
				DEVELOPMENT_TEAM = TX2TU96GUU;
				GENERATE_INFOPLIST_FILE = YES;
				MARKETING_VERSION = 1.0;
				PRODUCT_BUNDLE_IDENTIFIER = lessons.checkUITests;
				PRODUCT_NAME = "$(TARGET_NAME)";
				SWIFT_EMIT_LOC_STRINGS = NO;
				SWIFT_VERSION = 5.0;
				TARGETED_DEVICE_FAMILY = "1,2";
				TEST_TARGET_NAME = check;
			};
			name = Debug;
		};
		D7B92F1B2BA1F869002B8300 /* Release */ = {
			isa = XCBuildConfiguration;
			buildSettings = {
				ALWAYS_EMBED_SWIFT_STANDARD_LIBRARIES = YES;
				CODE_SIGN_STYLE = Automatic;
				CURRENT_PROJECT_VERSION = 1;
				DEVELOPMENT_TEAM = TX2TU96GUU;
				GENERATE_INFOPLIST_FILE = YES;
				MARKETING_VERSION = 1.0;
				PRODUCT_BUNDLE_IDENTIFIER = lessons.checkUITests;
				PRODUCT_NAME = "$(TARGET_NAME)";
				SWIFT_EMIT_LOC_STRINGS = NO;
				SWIFT_VERSION = 5.0;
				TARGETED_DEVICE_FAMILY = "1,2";
				TEST_TARGET_NAME = check;
			};
			name = Release;
		};
/* End XCBuildConfiguration section */

/* Begin XCConfigurationList section */
		D7B92EE42BA1F866002B8300 /* Build configuration list for PBXProject "check" */ = {
			isa = XCConfigurationList;
			buildConfigurations = (
				D7B92F112BA1F869002B8300 /* Debug */,
				D7B92F122BA1F869002B8300 /* Release */,
			);
			defaultConfigurationIsVisible = 0;
			defaultConfigurationName = Release;
		};
		D7B92F132BA1F869002B8300 /* Build configuration list for PBXNativeTarget "check" */ = {
			isa = XCConfigurationList;
			buildConfigurations = (
				D7B92F142BA1F869002B8300 /* Debug */,
				D7B92F152BA1F869002B8300 /* Release */,
			);
			defaultConfigurationIsVisible = 0;
			defaultConfigurationName = Release;
		};
		D7B92F162BA1F869002B8300 /* Build configuration list for PBXNativeTarget "checkTests" */ = {
			isa = XCConfigurationList;
			buildConfigurations = (
				D7B92F172BA1F869002B8300 /* Debug */,
				D7B92F182BA1F869002B8300 /* Release */,
			);
			defaultConfigurationIsVisible = 0;
			defaultConfigurationName = Release;
		};
		D7B92F192BA1F869002B8300 /* Build configuration list for PBXNativeTarget "checkUITests" */ = {
			isa = XCConfigurationList;
			buildConfigurations = (
				D7B92F1A2BA1F869002B8300 /* Debug */,
				D7B92F1B2BA1F869002B8300 /* Release */,
			);
			defaultConfigurationIsVisible = 0;
			defaultConfigurationName = Release;
		};
/* End XCConfigurationList section */
	};
	rootObject = D7B92EE12BA1F866002B8300 /* Project object */;
}
